
Microsoft Visual Studio Solution File, Format Version 12.00
# Visual Studio Version 17
VisualStudioVersion = 17.5.33516.290
MinimumVisualStudioVersion = 10.0.40219.1
Project("{FAE04EC0-301F-11D3-BF4B-00C04F79EFBC}") = "Колокольцов Д.Ю,", "Колокольцов Д.Ю,\Колокольцов Д.Ю,.csproj", "{0F6D5E0A-1CE1-40B8-A633-EABBF353696A}"
EndProject
Global
	GlobalSection(SolutionConfigurationPlatforms) = preSolution
		Debug|Any CPU = Debug|Any CPU
		Release|Any CPU = Release|Any CPU
	EndGlobalSection
	GlobalSection(ProjectConfigurationPlatforms) = postSolution
		{0F6D5E0A-1CE1-40B8-A633-EABBF353696A}.Debug|Any CPU.ActiveCfg = Debug|Any CPU
		{0F6D5E0A-1CE1-40B8-A633-EABBF353696A}.Debug|Any CPU.Build.0 = Debug|Any CPU
		{0F6D5E0A-1CE1-40B8-A633-EABBF353696A}.Release|Any CPU.ActiveCfg = Release|Any CPU
		{0F6D5E0A-1CE1-40B8-A633-EABBF353696A}.Release|Any CPU.Build.0 = Release|Any CPU
	EndGlobalSection
	GlobalSection(SolutionProperties) = preSolution
		HideSolutionNode = FALSE
	EndGlobalSection
	GlobalSection(ExtensibilityGlobals) = postSolution
		SolutionGuid = {6D125DDE-6502-4426-9901-35189165B669}
	EndGlobalSection
EndGlobal
